
Microsoft Visual Studio Solution File, Format Version 12.00
# Visual Studio 15
VisualStudioVersion = 15.0.27130.2026
MinimumVisualStudioVersion = 10.0.40219.1
Project("{FAE04EC0-301F-11D3-BF4B-00C04F79EFBC}") = "benchmark", "benchmark\benchmark.csproj", "{DD33F870-5B62-4A4D-8EAE-3605C4E945D0}"
EndProject
Global
	GlobalSection(SolutionConfigurationPlatforms) = preSolution
		Debug|Any CPU = Debug|Any CPU
		Release|Any CPU = Release|Any CPU
	EndGlobalSection
	GlobalSection(ProjectConfigurationPlatforms) = postSolution
		{DD33F870-5B62-4A4D-8EAE-3605C4E945D0}.Debug|Any CPU.ActiveCfg = Debug|Any CPU
		{DD33F870-5B62-4A4D-8EAE-3605C4E945D0}.Debug|Any CPU.Build.0 = Debug|Any CPU
		{DD33F870-5B62-4A4D-8EAE-3605C4E945D0}.Release|Any CPU.ActiveCfg = Release|Any CPU
		{DD33F870-5B62-4A4D-8EAE-3605C4E945D0}.Release|Any CPU.Build.0 = Release|Any CPU
	EndGlobalSection
	GlobalSection(SolutionProperties) = preSolution
		HideSolutionNode = FALSE
	EndGlobalSection
	GlobalSection(ExtensibilityGlobals) = postSolution
		SolutionGuid = {E706B75C-3EEE-4CA4-8ADD-15C3994CFBB2}
	EndGlobalSection
EndGlobal
